
Microsoft Visual Studio Solution File, Format Version 12.00
# Visual Studio Version 17
VisualStudioVersion = 17.4.33122.133
MinimumVisualStudioVersion = 10.0.40219.1
Project("{FAE04EC0-301F-11D3-BF4B-00C04F79EFBC}") = "OpenDataClient", "OpenDataClient.csproj", "{585DEC47-7D08-4FC1-9651-3EFF1478FF8C}"
EndProject
Global
	GlobalSection(SolutionConfigurationPlatforms) = preSolution
		Debug|Any CPU = Debug|Any CPU
		Release|Any CPU = Release|Any CPU
	EndGlobalSection
	GlobalSection(ProjectConfigurationPlatforms) = postSolution
		{585DEC47-7D08-4FC1-9651-3EFF1478FF8C}.Debug|Any CPU.ActiveCfg = Debug|Any CPU
		{585DEC47-7D08-4FC1-9651-3EFF1478FF8C}.Debug|Any CPU.Build.0 = Debug|Any CPU
		{585DEC47-7D08-4FC1-9651-3EFF1478FF8C}.Release|Any CPU.ActiveCfg = Release|Any CPU
		{585DEC47-7D08-4FC1-9651-3EFF1478FF8C}.Release|Any CPU.Build.0 = Release|Any CPU
	EndGlobalSection
	GlobalSection(SolutionProperties) = preSolution
		HideSolutionNode = FALSE
	EndGlobalSection
	GlobalSection(ExtensibilityGlobals) = postSolution
		SolutionGuid = {CC76007B-6284-4B18-9CD5-AD56680F333C}
	EndGlobalSection
EndGlobal
